
Microsoft Visual Studio Solution File, Format Version 12.00
# Visual Studio Version 17
VisualStudioVersion = 17.10.34928.147
MinimumVisualStudioVersion = 10.0.40219.1
Project("{9A19103F-16F7-4668-BE54-9A1E7A4F7556}") = "WinFormsApp1", "WinFormsApp1\WinFormsApp1.csproj", "{CF4BCD2E-F87A-43CA-9C3E-D9FFE679F4D2}"
EndProject
Global
	GlobalSection(SolutionConfigurationPlatforms) = preSolution
		Debug|Any CPU = Debug|Any CPU
		Release|Any CPU = Release|Any CPU
	EndGlobalSection
	GlobalSection(ProjectConfigurationPlatforms) = postSolution
		{CF4BCD2E-F87A-43CA-9C3E-D9FFE679F4D2}.Debug|Any CPU.ActiveCfg = Debug|Any CPU
		{CF4BCD2E-F87A-43CA-9C3E-D9FFE679F4D2}.Debug|Any CPU.Build.0 = Debug|Any CPU
		{CF4BCD2E-F87A-43CA-9C3E-D9FFE679F4D2}.Release|Any CPU.ActiveCfg = Release|Any CPU
		{CF4BCD2E-F87A-43CA-9C3E-D9FFE679F4D2}.Release|Any CPU.Build.0 = Release|Any CPU
	EndGlobalSection
	GlobalSection(SolutionProperties) = preSolution
		HideSolutionNode = FALSE
	EndGlobalSection
	GlobalSection(ExtensibilityGlobals) = postSolution
		SolutionGuid = {5E16B772-1581-43D9-BEBF-2D7B3AFB1FF9}
	EndGlobalSection
EndGlobal
